
Microsoft Visual Studio Solution File, Format Version 12.00
# Visual Studio Version 17
VisualStudioVersion = 17.3.32811.315
MinimumVisualStudioVersion = 10.0.40219.1
Project("{FAE04EC0-301F-11D3-BF4B-00C04F79EFBC}") = "12.14projekt", "12.14projekt\12.14projekt.csproj", "{D8DFAC5D-7E59-41D2-B51F-8433C93CF20C}"
EndProject
Global
	GlobalSection(SolutionConfigurationPlatforms) = preSolution
		Debug|Any CPU = Debug|Any CPU
		Release|Any CPU = Release|Any CPU
	EndGlobalSection
	GlobalSection(ProjectConfigurationPlatforms) = postSolution
		{D8DFAC5D-7E59-41D2-B51F-8433C93CF20C}.Debug|Any CPU.ActiveCfg = Debug|Any CPU
		{D8DFAC5D-7E59-41D2-B51F-8433C93CF20C}.Debug|Any CPU.Build.0 = Debug|Any CPU
		{D8DFAC5D-7E59-41D2-B51F-8433C93CF20C}.Release|Any CPU.ActiveCfg = Release|Any CPU
		{D8DFAC5D-7E59-41D2-B51F-8433C93CF20C}.Release|Any CPU.Build.0 = Release|Any CPU
	EndGlobalSection
	GlobalSection(SolutionProperties) = preSolution
		HideSolutionNode = FALSE
	EndGlobalSection
	GlobalSection(ExtensibilityGlobals) = postSolution
		SolutionGuid = {403F00AA-3DE7-4695-BC88-AE17524E4D97}
	EndGlobalSection
EndGlobal
